// !$*UTF8*$!
{
	archiveVersion = 1;
	classes = {
	};
	objectVersion = 56;
	objects = {

/* Begin PBXBuildFile section */
		045BCCF82A56675900AAEF13 /* WalletViewController.swift in Sources */ = {isa = PBXBuildFile; fileRef = 045BCCF72A56675900AAEF13 /* WalletViewController.swift */; };
		045BCD062A566C6A00AAEF13 /* CoinAccountTableViewCell.swift in Sources */ = {isa = PBXBuildFile; fileRef = 045BCD042A566C6900AAEF13 /* CoinAccountTableViewCell.swift */; };
		045BCD072A566C6A00AAEF13 /* CoinAccountTableViewCell.xib in Resources */ = {isa = PBXBuildFile; fileRef = 045BCD052A566C6A00AAEF13 /* CoinAccountTableViewCell.xib */; };
		045BCD0B2A56792300AAEF13 /* ProfileViewController.swift in Sources */ = {isa = PBXBuildFile; fileRef = 045BCD0A2A56792300AAEF13 /* ProfileViewController.swift */; };
		045BCD112A56933300AAEF13 /* FullHistoryViewController.swift in Sources */ = {isa = PBXBuildFile; fileRef = 045BCD102A56933300AAEF13 /* FullHistoryViewController.swift */; };
		045BCD132A56CEE300AAEF13 /* FilterOptionViewController.swift in Sources */ = {isa = PBXBuildFile; fileRef = 045BCD122A56CEE300AAEF13 /* FilterOptionViewController.swift */; };
		045BCD152A56CF4800AAEF13 /* FilterOptionTableViewCell.swift in Sources */ = {isa = PBXBuildFile; fileRef = 045BCD142A56CF4800AAEF13 /* FilterOptionTableViewCell.swift */; };
		048D83162A4FF8B700226EC5 /* WebsocketService.swift in Sources */ = {isa = PBXBuildFile; fileRef = 048D83152A4FF8B700226EC5 /* WebsocketService.swift */; };
		048D83182A500A4300226EC5 /* Order.swift in Sources */ = {isa = PBXBuildFile; fileRef = 048D83172A500A4300226EC5 /* Order.swift */; };
		048D831B2A501B6000226EC5 /* MarketChartViewModel.swift in Sources */ = {isa = PBXBuildFile; fileRef = 048D831A2A501B6000226EC5 /* MarketChartViewModel.swift */; };
		048D831D2A50241D00226EC5 /* TickerMessage.swift in Sources */ = {isa = PBXBuildFile; fileRef = 048D831C2A50241D00226EC5 /* TickerMessage.swift */; };
		048D831F2A50442F00226EC5 /* ExchangeRates.swift in Sources */ = {isa = PBXBuildFile; fileRef = 048D831E2A50442F00226EC5 /* ExchangeRates.swift */; };
		048D83242A505CFC00226EC5 /* ChartTableViewCell.swift in Sources */ = {isa = PBXBuildFile; fileRef = 048D83222A505CFC00226EC5 /* ChartTableViewCell.swift */; };
		048D83252A505CFC00226EC5 /* ChartTableViewCell.xib in Resources */ = {isa = PBXBuildFile; fileRef = 048D83232A505CFC00226EC5 /* ChartTableViewCell.xib */; };
		048D83292A505D7D00226EC5 /* HistoryHeaderView.swift in Sources */ = {isa = PBXBuildFile; fileRef = 048D83282A505D7D00226EC5 /* HistoryHeaderView.swift */; };
		048D832B2A505D8500226EC5 /* HistoryHeaderView.xib in Resources */ = {isa = PBXBuildFile; fileRef = 048D832A2A505D8500226EC5 /* HistoryHeaderView.xib */; };
		048D832E2A505DA000226EC5 /* HistoryTableViewCell.swift in Sources */ = {isa = PBXBuildFile; fileRef = 048D832C2A505DA000226EC5 /* HistoryTableViewCell.swift */; };
		048D832F2A505DA000226EC5 /* HistoryTableViewCell.xib in Resources */ = {isa = PBXBuildFile; fileRef = 048D832D2A505DA000226EC5 /* HistoryTableViewCell.xib */; };
		0494E6E02A5F8C7A005CE586 /* Utils.swift in Sources */ = {isa = PBXBuildFile; fileRef = 0494E6DF2A5F8C7A005CE586 /* Utils.swift */; };
		049AA0EB2A4C1D980065CAA9 /* AppDelegate.swift in Sources */ = {isa = PBXBuildFile; fileRef = 049AA0EA2A4C1D980065CAA9 /* AppDelegate.swift */; };
		049AA0ED2A4C1D980065CAA9 /* SceneDelegate.swift in Sources */ = {isa = PBXBuildFile; fileRef = 049AA0EC2A4C1D980065CAA9 /* SceneDelegate.swift */; };
		049AA0EF2A4C1D980065CAA9 /* HomeViewController.swift in Sources */ = {isa = PBXBuildFile; fileRef = 049AA0EE2A4C1D980065CAA9 /* HomeViewController.swift */; };
		049AA0F22A4C1D980065CAA9 /* Main.storyboard in Resources */ = {isa = PBXBuildFile; fileRef = 049AA0F02A4C1D980065CAA9 /* Main.storyboard */; };
		049AA0F42A4C1D9A0065CAA9 /* Assets.xcassets in Resources */ = {isa = PBXBuildFile; fileRef = 049AA0F32A4C1D9A0065CAA9 /* Assets.xcassets */; };
		049AA0F72A4C1D9A0065CAA9 /* LaunchScreen.storyboard in Resources */ = {isa = PBXBuildFile; fileRef = 049AA0F52A4C1D9A0065CAA9 /* LaunchScreen.storyboard */; };
		049AA0FF2A4C1EEE0065CAA9 /* ApiKeys.swift in Sources */ = {isa = PBXBuildFile; fileRef = 049AA0FE2A4C1EEE0065CAA9 /* ApiKeys.swift */; };
		049AA1032A4C2FD80065CAA9 /* CoinbaseService.swift in Sources */ = {isa = PBXBuildFile; fileRef = 049AA1022A4C2FD80065CAA9 /* CoinbaseService.swift */; };
		049AA1072A4C3E130065CAA9 /* ProductListTableViewCell.swift in Sources */ = {isa = PBXBuildFile; fileRef = 049AA1052A4C3E130065CAA9 /* ProductListTableViewCell.swift */; };
		049AA1082A4C3E130065CAA9 /* ProductListTableViewCell.xib in Resources */ = {isa = PBXBuildFile; fileRef = 049AA1062A4C3E130065CAA9 /* ProductListTableViewCell.xib */; };
		049AA10B2A4C472B0065CAA9 /* TradingPair.swift in Sources */ = {isa = PBXBuildFile; fileRef = 049AA10A2A4C472B0065CAA9 /* TradingPair.swift */; };
		049AA10D2A4C5F390065CAA9 /* Profile.swift in Sources */ = {isa = PBXBuildFile; fileRef = 049AA10C2A4C5F390065CAA9 /* Profile.swift */; };
		049FD6452A5D36D90098783E /* CoinbaseService+Refactor.swift in Sources */ = {isa = PBXBuildFile; fileRef = 049FD6442A5D36D90098783E /* CoinbaseService+Refactor.swift */; };
		049FD6472A5E3D5D0098783E /* TabBarViewController.swift in Sources */ = {isa = PBXBuildFile; fileRef = 049FD6462A5E3D5D0098783E /* TabBarViewController.swift */; };
		04A90F642A4C685D00D59211 /* Account.swift in Sources */ = {isa = PBXBuildFile; fileRef = 04A90F632A4C685D00D59211 /* Account.swift */; };
		04A90F662A4D227700D59211 /* CurrencyInfo.swift in Sources */ = {isa = PBXBuildFile; fileRef = 04A90F652A4D227700D59211 /* CurrencyInfo.swift */; };
		04A90F682A4D314B00D59211 /* ProductStats.swift in Sources */ = {isa = PBXBuildFile; fileRef = 04A90F672A4D314B00D59211 /* ProductStats.swift */; };
		04A90F6F2A4D4CAC00D59211 /* BannerBalanceTableViewCell.swift in Sources */ = {isa = PBXBuildFile; fileRef = 04A90F6D2A4D4CAC00D59211 /* BannerBalanceTableViewCell.swift */; };
		04A90F702A4D4CAC00D59211 /* BannerBalanceTableViewCell.xib in Resources */ = {isa = PBXBuildFile; fileRef = 04A90F6E2A4D4CAC00D59211 /* BannerBalanceTableViewCell.xib */; };
		04A90F722A4D9D3C00D59211 /* ProductsTableViewHeaderView.swift in Sources */ = {isa = PBXBuildFile; fileRef = 04A90F712A4D9D3C00D59211 /* ProductsTableViewHeaderView.swift */; };
		04A90F742A4D9D6800D59211 /* ProductsTableViewHeaderView.xib in Resources */ = {isa = PBXBuildFile; fileRef = 04A90F732A4D9D6800D59211 /* ProductsTableViewHeaderView.xib */; };
		04A90F762A4DC03400D59211 /* ObservableObject.swift in Sources */ = {isa = PBXBuildFile; fileRef = 04A90F752A4DC03400D59211 /* ObservableObject.swift */; };
		04A90F782A4DC1CA00D59211 /* HomeViewModel.swift in Sources */ = {isa = PBXBuildFile; fileRef = 04A90F772A4DC1CA00D59211 /* HomeViewModel.swift */; };
		04A90F7A2A4DC94200D59211 /* Double+Extensions.swift in Sources */ = {isa = PBXBuildFile; fileRef = 04A90F792A4DC94200D59211 /* Double+Extensions.swift */; };
		04A90F7C2A4DF12900D59211 /* CoinbaseService+Helpers.swift in Sources */ = {isa = PBXBuildFile; fileRef = 04A90F7B2A4DF12900D59211 /* CoinbaseService+Helpers.swift */; };
		04A90F7E2A4EEAAF00D59211 /* Constants.swift in Sources */ = {isa = PBXBuildFile; fileRef = 04A90F7D2A4EEAAF00D59211 /* Constants.swift */; };
		04A90F842A4F073C00D59211 /* UIColor+Extensions.swift in Sources */ = {isa = PBXBuildFile; fileRef = 04A90F832A4F073C00D59211 /* UIColor+Extensions.swift */; };
		04A90F862A4F0C1B00D59211 /* MarketChartViewController.swift in Sources */ = {isa = PBXBuildFile; fileRef = 04A90F852A4F0C1B00D59211 /* MarketChartViewController.swift */; };
		04A94DF92A51944700EB95CC /* String+Extensions.swift in Sources */ = {isa = PBXBuildFile; fileRef = 04A94DF82A51944700EB95CC /* String+Extensions.swift */; };
		04A94DFE2A51AB3900EB95CC /* NoDataTableViewCell.swift in Sources */ = {isa = PBXBuildFile; fileRef = 04A94DFC2A51AB3900EB95CC /* NoDataTableViewCell.swift */; };
		04A94DFF2A51AB3900EB95CC /* NoDataTableViewCell.xib in Resources */ = {isa = PBXBuildFile; fileRef = 04A94DFD2A51AB3900EB95CC /* NoDataTableViewCell.xib */; };
		04A94E012A54135900EB95CC /* OrderResultViewController.swift in Sources */ = {isa = PBXBuildFile; fileRef = 04A94E002A54135900EB95CC /* OrderResultViewController.swift */; };
		04A94E032A5413AE00EB95CC /* BuySellViewController.swift in Sources */ = {isa = PBXBuildFile; fileRef = 04A94E022A5413AE00EB95CC /* BuySellViewController.swift */; };
		E61F031A5BD0486547C5B974 /* Pods_CryptoApp.framework in Frameworks */ = {isa = PBXBuildFile; fileRef = 08EE2254A97D6A77638D81FB /* Pods_CryptoApp.framework */; };
/* End PBXBuildFile section */

/* Begin PBXFileReference section */
		045BCCF72A56675900AAEF13 /* WalletViewController.swift */ = {isa = PBXFileReference; lastKnownFileType = sourcecode.swift; path = WalletViewController.swift; sourceTree = "<group>"; };
		045BCD042A566C6900AAEF13 /* CoinAccountTableViewCell.swift */ = {isa = PBXFileReference; lastKnownFileType = sourcecode.swift; path = CoinAccountTableViewCell.swift; sourceTree = "<group>"; };
		045BCD052A566C6A00AAEF13 /* CoinAccountTableViewCell.xib */ = {isa = PBXFileReference; lastKnownFileType = file.xib; path = CoinAccountTableViewCell.xib; sourceTree = "<group>"; };
		045BCD0A2A56792300AAEF13 /* ProfileViewController.swift */ = {isa = PBXFileReference; lastKnownFileType = sourcecode.swift; path = ProfileViewController.swift; sourceTree = "<group>"; };
		045BCD102A56933300AAEF13 /* FullHistoryViewController.swift */ = {isa = PBXFileReference; lastKnownFileType = sourcecode.swift; path = FullHistoryViewController.swift; sourceTree = "<group>"; };
		045BCD122A56CEE300AAEF13 /* FilterOptionViewController.swift */ = {isa = PBXFileReference; lastKnownFileType = sourcecode.swift; path = FilterOptionViewController.swift; sourceTree = "<group>"; };
		045BCD142A56CF4800AAEF13 /* FilterOptionTableViewCell.swift */ = {isa = PBXFileReference; lastKnownFileType = sourcecode.swift; path = FilterOptionTableViewCell.swift; sourceTree = "<group>"; };
		048D83152A4FF8B700226EC5 /* WebsocketService.swift */ = {isa = PBXFileReference; lastKnownFileType = sourcecode.swift; path = WebsocketService.swift; sourceTree = "<group>"; };
		048D83172A500A4300226EC5 /* Order.swift */ = {isa = PBXFileReference; lastKnownFileType = sourcecode.swift; path = Order.swift; sourceTree = "<group>"; };
		048D831A2A501B6000226EC5 /* MarketChartViewModel.swift */ = {isa = PBXFileReference; lastKnownFileType = sourcecode.swift; path = MarketChartViewModel.swift; sourceTree = "<group>"; };
		048D831C2A50241D00226EC5 /* TickerMessage.swift */ = {isa = PBXFileReference; lastKnownFileType = sourcecode.swift; path = TickerMessage.swift; sourceTree = "<group>"; };
		048D831E2A50442F00226EC5 /* ExchangeRates.swift */ = {isa = PBXFileReference; lastKnownFileType = sourcecode.swift; path = ExchangeRates.swift; sourceTree = "<group>"; };
		048D83222A505CFC00226EC5 /* ChartTableViewCell.swift */ = {isa = PBXFileReference; lastKnownFileType = sourcecode.swift; path = ChartTableViewCell.swift; sourceTree = "<group>"; };
		048D83232A505CFC00226EC5 /* ChartTableViewCell.xib */ = {isa = PBXFileReference; lastKnownFileType = file.xib; path = ChartTableViewCell.xib; sourceTree = "<group>"; };
		048D83282A505D7D00226EC5 /* HistoryHeaderView.swift */ = {isa = PBXFileReference; lastKnownFileType = sourcecode.swift; path = HistoryHeaderView.swift; sourceTree = "<group>"; };
		048D832A2A505D8500226EC5 /* HistoryHeaderView.xib */ = {isa = PBXFileReference; lastKnownFileType = file.xib; path = HistoryHeaderView.xib; sourceTree = "<group>"; };
		048D832C2A505DA000226EC5 /* HistoryTableViewCell.swift */ = {isa = PBXFileReference; lastKnownFileType = sourcecode.swift; path = HistoryTableViewCell.swift; sourceTree = "<group>"; };
		048D832D2A505DA000226EC5 /* HistoryTableViewCell.xib */ = {isa = PBXFileReference; lastKnownFileType = file.xib; path = HistoryTableViewCell.xib; sourceTree = "<group>"; };
		0494E6DF2A5F8C7A005CE586 /* Utils.swift */ = {isa = PBXFileReference; lastKnownFileType = sourcecode.swift; path = Utils.swift; sourceTree = "<group>"; };
		049AA0E72A4C1D980065CAA9 /* CryptoApp.app */ = {isa = PBXFileReference; explicitFileType = wrapper.application; includeInIndex = 0; path = CryptoApp.app; sourceTree = BUILT_PRODUCTS_DIR; };
		049AA0EA2A4C1D980065CAA9 /* AppDelegate.swift */ = {isa = PBXFileReference; lastKnownFileType = sourcecode.swift; path = AppDelegate.swift; sourceTree = "<group>"; };
		049AA0EC2A4C1D980065CAA9 /* SceneDelegate.swift */ = {isa = PBXFileReference; lastKnownFileType = sourcecode.swift; path = SceneDelegate.swift; sourceTree = "<group>"; };
		049AA0EE2A4C1D980065CAA9 /* HomeViewController.swift */ = {isa = PBXFileReference; lastKnownFileType = sourcecode.swift; path = HomeViewController.swift; sourceTree = "<group>"; };
		049AA0F12A4C1D980065CAA9 /* Base */ = {isa = PBXFileReference; lastKnownFileType = file.storyboard; name = Base; path = Base.lproj/Main.storyboard; sourceTree = "<group>"; };
		049AA0F32A4C1D9A0065CAA9 /* Assets.xcassets */ = {isa = PBXFileReference; lastKnownFileType = folder.assetcatalog; path = Assets.xcassets; sourceTree = "<group>"; };
		049AA0F62A4C1D9A0065CAA9 /* Base */ = {isa = PBXFileReference; lastKnownFileType = file.storyboard; name = Base; path = Base.lproj/LaunchScreen.storyboard; sourceTree = "<group>"; };
		049AA0F82A4C1D9A0065CAA9 /* Info.plist */ = {isa = PBXFileReference; lastKnownFileType = text.plist.xml; path = Info.plist; sourceTree = "<group>"; };
		049AA0FE2A4C1EEE0065CAA9 /* ApiKeys.swift */ = {isa = PBXFileReference; lastKnownFileType = sourcecode.swift; path = ApiKeys.swift; sourceTree = "<group>"; };
		049AA1022A4C2FD80065CAA9 /* CoinbaseService.swift */ = {isa = PBXFileReference; lastKnownFileType = sourcecode.swift; path = CoinbaseService.swift; sourceTree = "<group>"; };
		049AA1052A4C3E130065CAA9 /* ProductListTableViewCell.swift */ = {isa = PBXFileReference; lastKnownFileType = sourcecode.swift; path = ProductListTableViewCell.swift; sourceTree = "<group>"; };
		049AA1062A4C3E130065CAA9 /* ProductListTableViewCell.xib */ = {isa = PBXFileReference; lastKnownFileType = file.xib; path = ProductListTableViewCell.xib; sourceTree = "<group>"; };
		049AA10A2A4C472B0065CAA9 /* TradingPair.swift */ = {isa = PBXFileReference; lastKnownFileType = sourcecode.swift; path = TradingPair.swift; sourceTree = "<group>"; };
		049AA10C2A4C5F390065CAA9 /* Profile.swift */ = {isa = PBXFileReference; lastKnownFileType = sourcecode.swift; path = Profile.swift; sourceTree = "<group>"; };
		049FD6442A5D36D90098783E /* CoinbaseService+Refactor.swift */ = {isa = PBXFileReference; lastKnownFileType = sourcecode.swift; path = "CoinbaseService+Refactor.swift"; sourceTree = "<group>"; };
		049FD6462A5E3D5D0098783E /* TabBarViewController.swift */ = {isa = PBXFileReference; fileEncoding = 4; lastKnownFileType = sourcecode.swift; path = TabBarViewController.swift; sourceTree = "<group>"; };
		04A90F632A4C685D00D59211 /* Account.swift */ = {isa = PBXFileReference; lastKnownFileType = sourcecode.swift; path = Account.swift; sourceTree = "<group>"; };
		04A90F652A4D227700D59211 /* CurrencyInfo.swift */ = {isa = PBXFileReference; fileEncoding = 4; lastKnownFileType = sourcecode.swift; path = CurrencyInfo.swift; sourceTree = "<group>"; };
		04A90F672A4D314B00D59211 /* ProductStats.swift */ = {isa = PBXFileReference; lastKnownFileType = sourcecode.swift; path = ProductStats.swift; sourceTree = "<group>"; };
		04A90F6D2A4D4CAC00D59211 /* BannerBalanceTableViewCell.swift */ = {isa = PBXFileReference; lastKnownFileType = sourcecode.swift; path = BannerBalanceTableViewCell.swift; sourceTree = "<group>"; };
		04A90F6E2A4D4CAC00D59211 /* BannerBalanceTableViewCell.xib */ = {isa = PBXFileReference; lastKnownFileType = file.xib; path = BannerBalanceTableViewCell.xib; sourceTree = "<group>"; };
		04A90F712A4D9D3C00D59211 /* ProductsTableViewHeaderView.swift */ = {isa = PBXFileReference; lastKnownFileType = sourcecode.swift; path = ProductsTableViewHeaderView.swift; sourceTree = "<group>"; };
		04A90F732A4D9D6800D59211 /* ProductsTableViewHeaderView.xib */ = {isa = PBXFileReference; lastKnownFileType = file.xib; path = ProductsTableViewHeaderView.xib; sourceTree = "<group>"; };
		04A90F752A4DC03400D59211 /* ObservableObject.swift */ = {isa = PBXFileReference; lastKnownFileType = sourcecode.swift; path = ObservableObject.swift; sourceTree = "<group>"; };
		04A90F772A4DC1CA00D59211 /* HomeViewModel.swift */ = {isa = PBXFileReference; lastKnownFileType = sourcecode.swift; path = HomeViewModel.swift; sourceTree = "<group>"; };
		04A90F792A4DC94200D59211 /* Double+Extensions.swift */ = {isa = PBXFileReference; lastKnownFileType = sourcecode.swift; path = "Double+Extensions.swift"; sourceTree = "<group>"; };
		04A90F7B2A4DF12900D59211 /* CoinbaseService+Helpers.swift */ = {isa = PBXFileReference; lastKnownFileType = sourcecode.swift; path = "CoinbaseService+Helpers.swift"; sourceTree = "<group>"; };
		04A90F7D2A4EEAAF00D59211 /* Constants.swift */ = {isa = PBXFileReference; lastKnownFileType = sourcecode.swift; path = Constants.swift; sourceTree = "<group>"; };
		04A90F832A4F073C00D59211 /* UIColor+Extensions.swift */ = {isa = PBXFileReference; lastKnownFileType = sourcecode.swift; path = "UIColor+Extensions.swift"; sourceTree = "<group>"; };
		04A90F852A4F0C1B00D59211 /* MarketChartViewController.swift */ = {isa = PBXFileReference; lastKnownFileType = sourcecode.swift; path = MarketChartViewController.swift; sourceTree = "<group>"; };
		04A94DF82A51944700EB95CC /* String+Extensions.swift */ = {isa = PBXFileReference; lastKnownFileType = sourcecode.swift; path = "String+Extensions.swift"; sourceTree = "<group>"; };
		04A94DFC2A51AB3900EB95CC /* NoDataTableViewCell.swift */ = {isa = PBXFileReference; lastKnownFileType = sourcecode.swift; path = NoDataTableViewCell.swift; sourceTree = "<group>"; };
		04A94DFD2A51AB3900EB95CC /* NoDataTableViewCell.xib */ = {isa = PBXFileReference; lastKnownFileType = file.xib; path = NoDataTableViewCell.xib; sourceTree = "<group>"; };
		04A94E002A54135900EB95CC /* OrderResultViewController.swift */ = {isa = PBXFileReference; lastKnownFileType = sourcecode.swift; path = OrderResultViewController.swift; sourceTree = "<group>"; };
		04A94E022A5413AE00EB95CC /* BuySellViewController.swift */ = {isa = PBXFileReference; lastKnownFileType = sourcecode.swift; path = BuySellViewController.swift; sourceTree = "<group>"; };
		08EE2254A97D6A77638D81FB /* Pods_CryptoApp.framework */ = {isa = PBXFileReference; explicitFileType = wrapper.framework; includeInIndex = 0; path = Pods_CryptoApp.framework; sourceTree = BUILT_PRODUCTS_DIR; };
		4717991FC7B8EE28F7B209C4 /* Pods-CryptoApp.release.xcconfig */ = {isa = PBXFileReference; includeInIndex = 1; lastKnownFileType = text.xcconfig; name = "Pods-CryptoApp.release.xcconfig"; path = "Target Support Files/Pods-CryptoApp/Pods-CryptoApp.release.xcconfig"; sourceTree = "<group>"; };
		63B17860CB531B1A37CB9DE2 /* Pods-CryptoApp.debug.xcconfig */ = {isa = PBXFileReference; includeInIndex = 1; lastKnownFileType = text.xcconfig; name = "Pods-CryptoApp.debug.xcconfig"; path = "Target Support Files/Pods-CryptoApp/Pods-CryptoApp.debug.xcconfig"; sourceTree = "<group>"; };
/* End PBXFileReference section */

/* Begin PBXFrameworksBuildPhase section */
		049AA0E42A4C1D980065CAA9 /* Frameworks */ = {
			isa = PBXFrameworksBuildPhase;
			buildActionMask = 2147483647;
			files = (
				E61F031A5BD0486547C5B974 /* Pods_CryptoApp.framework in Frameworks */,
			);
			runOnlyForDeploymentPostprocessing = 0;
		};
/* End PBXFrameworksBuildPhase section */

/* Begin PBXGroup section */
		045BCCF92A56682400AAEF13 /* WalletView */ = {
			isa = PBXGroup;
			children = (
				045BCD0A2A56792300AAEF13 /* ProfileViewController.swift */,
				045BCCF72A56675900AAEF13 /* WalletViewController.swift */,
				045BCD042A566C6900AAEF13 /* CoinAccountTableViewCell.swift */,
				045BCD052A566C6A00AAEF13 /* CoinAccountTableViewCell.xib */,
			);
			path = WalletView;
			sourceTree = "<group>";
		};
		045BCD162A58485A00AAEF13 /* FullHistoryView */ = {
			isa = PBXGroup;
			children = (
				04A94E002A54135900EB95CC /* OrderResultViewController.swift */,
				045BCD102A56933300AAEF13 /* FullHistoryViewController.swift */,
				04A94E022A5413AE00EB95CC /* BuySellViewController.swift */,
				045BCD142A56CF4800AAEF13 /* FilterOptionTableViewCell.swift */,
				045BCD122A56CEE300AAEF13 /* FilterOptionViewController.swift */,
			);
			path = FullHistoryView;
			sourceTree = "<group>";
		};
		045BCD172A58489300AAEF13 /* Resources */ = {
			isa = PBXGroup;
			children = (
				049AA0F32A4C1D9A0065CAA9 /* Assets.xcassets */,
			);
			path = Resources;
			sourceTree = "<group>";
		};
		048D83192A501AEB00226EC5 /* MarketChartView */ = {
			isa = PBXGroup;
			children = (
				048D831A2A501B6000226EC5 /* MarketChartViewModel.swift */,
				04A90F852A4F0C1B00D59211 /* MarketChartViewController.swift */,
				048D83222A505CFC00226EC5 /* ChartTableViewCell.swift */,
				048D83232A505CFC00226EC5 /* ChartTableViewCell.xib */,
				048D83282A505D7D00226EC5 /* HistoryHeaderView.swift */,
				048D832A2A505D8500226EC5 /* HistoryHeaderView.xib */,
				048D832C2A505DA000226EC5 /* HistoryTableViewCell.swift */,
				048D832D2A505DA000226EC5 /* HistoryTableViewCell.xib */,
			);
			path = MarketChartView;
			sourceTree = "<group>";
		};
		049AA0DE2A4C1D980065CAA9 = {
			isa = PBXGroup;
			children = (
				049AA0E92A4C1D980065CAA9 /* CryptoApp */,
				049AA0E82A4C1D980065CAA9 /* Products */,
				BC8CE7950F6C6D91272FFCA0 /* Pods */,
				AC5FABC58F13425E54116B62 /* Frameworks */,
			);
			sourceTree = "<group>";
		};
		049AA0E82A4C1D980065CAA9 /* Products */ = {
			isa = PBXGroup;
			children = (
				049AA0E72A4C1D980065CAA9 /* CryptoApp.app */,
			);
			name = Products;
			sourceTree = "<group>";
		};
		049AA0E92A4C1D980065CAA9 /* CryptoApp */ = {
			isa = PBXGroup;
			children = (
				045BCD172A58489300AAEF13 /* Resources */,
				04A90F6A2A4D442900D59211 /* Extensions */,
				049AA1092A4C47160065CAA9 /* Models */,
				049AA1012A4C2E730065CAA9 /* Utilities */,
				049AA1042A4C3DCA0065CAA9 /* HomeView */,
				048D83192A501AEB00226EC5 /* MarketChartView */,
				045BCCF92A56682400AAEF13 /* WalletView */,
				045BCD162A58485A00AAEF13 /* FullHistoryView */,
				049FD6462A5E3D5D0098783E /* TabBarViewController.swift */,
				049AA0EA2A4C1D980065CAA9 /* AppDelegate.swift */,
				049AA0EC2A4C1D980065CAA9 /* SceneDelegate.swift */,
				049AA0F02A4C1D980065CAA9 /* Main.storyboard */,
				049AA0F52A4C1D9A0065CAA9 /* LaunchScreen.storyboard */,
				049AA0F82A4C1D9A0065CAA9 /* Info.plist */,
			);
			path = CryptoApp;
			sourceTree = "<group>";
		};
		049AA1012A4C2E730065CAA9 /* Utilities */ = {
			isa = PBXGroup;
			children = (
				049AA0FE2A4C1EEE0065CAA9 /* ApiKeys.swift */,
				0494E6DF2A5F8C7A005CE586 /* Utils.swift */,
				04A90F7D2A4EEAAF00D59211 /* Constants.swift */,
				049AA1022A4C2FD80065CAA9 /* CoinbaseService.swift */,
				04A90F7B2A4DF12900D59211 /* CoinbaseService+Helpers.swift */,
				049FD6442A5D36D90098783E /* CoinbaseService+Refactor.swift */,
				048D83152A4FF8B700226EC5 /* WebsocketService.swift */,
				04A90F752A4DC03400D59211 /* ObservableObject.swift */,
			);
			path = Utilities;
			sourceTree = "<group>";
		};
		049AA1042A4C3DCA0065CAA9 /* HomeView */ = {
			isa = PBXGroup;
			children = (
				04A90F772A4DC1CA00D59211 /* HomeViewModel.swift */,
				049AA0EE2A4C1D980065CAA9 /* HomeViewController.swift */,
				04A90F6D2A4D4CAC00D59211 /* BannerBalanceTableViewCell.swift */,
				04A90F6E2A4D4CAC00D59211 /* BannerBalanceTableViewCell.xib */,
				04A90F712A4D9D3C00D59211 /* ProductsTableViewHeaderView.swift */,
				04A90F732A4D9D6800D59211 /* ProductsTableViewHeaderView.xib */,
				049AA1052A4C3E130065CAA9 /* ProductListTableViewCell.swift */,
				049AA1062A4C3E130065CAA9 /* ProductListTableViewCell.xib */,
				04A94DFC2A51AB3900EB95CC /* NoDataTableViewCell.swift */,
				04A94DFD2A51AB3900EB95CC /* NoDataTableViewCell.xib */,
			);
			path = HomeView;
			sourceTree = "<group>";
		};
		049AA1092A4C47160065CAA9 /* Models */ = {
			isa = PBXGroup;
			children = (
				048D831E2A50442F00226EC5 /* ExchangeRates.swift */,
				049AA10A2A4C472B0065CAA9 /* TradingPair.swift */,
				04A90F652A4D227700D59211 /* CurrencyInfo.swift */,
				04A90F632A4C685D00D59211 /* Account.swift */,
				048D831C2A50241D00226EC5 /* TickerMessage.swift */,
				04A90F672A4D314B00D59211 /* ProductStats.swift */,
				048D83172A500A4300226EC5 /* Order.swift */,
				049AA10C2A4C5F390065CAA9 /* Profile.swift */,
			);
			path = Models;
			sourceTree = "<group>";
		};
		04A90F6A2A4D442900D59211 /* Extensions */ = {
			isa = PBXGroup;
			children = (
				04A90F792A4DC94200D59211 /* Double+Extensions.swift */,
				04A90F832A4F073C00D59211 /* UIColor+Extensions.swift */,
				04A94DF82A51944700EB95CC /* String+Extensions.swift */,
			);
			path = Extensions;
			sourceTree = "<group>";
		};
		AC5FABC58F13425E54116B62 /* Frameworks */ = {
			isa = PBXGroup;
			children = (
				08EE2254A97D6A77638D81FB /* Pods_CryptoApp.framework */,
			);
			name = Frameworks;
			sourceTree = "<group>";
		};
		BC8CE7950F6C6D91272FFCA0 /* Pods */ = {
			isa = PBXGroup;
			children = (
				63B17860CB531B1A37CB9DE2 /* Pods-CryptoApp.debug.xcconfig */,
				4717991FC7B8EE28F7B209C4 /* Pods-CryptoApp.release.xcconfig */,
			);
			path = Pods;
			sourceTree = "<group>";
		};
/* End PBXGroup section */

/* Begin PBXNativeTarget section */
		049AA0E62A4C1D980065CAA9 /* CryptoApp */ = {
			isa = PBXNativeTarget;
			buildConfigurationList = 049AA0FB2A4C1D9A0065CAA9 /* Build configuration list for PBXNativeTarget "CryptoApp" */;
			buildPhases = (
				AC56CC53D303A5B4F709EE38 /* [CP] Check Pods Manifest.lock */,
				049AA0E32A4C1D980065CAA9 /* Sources */,
				049AA0E42A4C1D980065CAA9 /* Frameworks */,
				049AA0E52A4C1D980065CAA9 /* Resources */,
				81B68CB2E0866386D76E4446 /* [CP] Embed Pods Frameworks */,
				049AA1002A4C2CEF0065CAA9 /* ShellScript */,
			);
			buildRules = (
			);
			dependencies = (
			);
			name = CryptoApp;
			productName = CryptoApp;
			productReference = 049AA0E72A4C1D980065CAA9 /* CryptoApp.app */;
			productType = "com.apple.product-type.application";
		};
/* End PBXNativeTarget section */

/* Begin PBXProject section */
		049AA0DF2A4C1D980065CAA9 /* Project object */ = {
			isa = PBXProject;
			attributes = {
				BuildIndependentTargetsInParallel = 1;
				LastSwiftUpdateCheck = 1430;
				LastUpgradeCheck = 1430;
				TargetAttributes = {
					049AA0E62A4C1D980065CAA9 = {
						CreatedOnToolsVersion = 14.3;
					};
				};
			};
			buildConfigurationList = 049AA0E22A4C1D980065CAA9 /* Build configuration list for PBXProject "CryptoApp" */;
			compatibilityVersion = "Xcode 14.0";
			developmentRegion = en;
			hasScannedForEncodings = 0;
			knownRegions = (
				en,
				Base,
			);
			mainGroup = 049AA0DE2A4C1D980065CAA9;
			productRefGroup = 049AA0E82A4C1D980065CAA9 /* Products */;
			projectDirPath = "";
			projectRoot = "";
			targets = (
				049AA0E62A4C1D980065CAA9 /* CryptoApp */,
			);
		};
/* End PBXProject section */

/* Begin PBXResourcesBuildPhase section */
		049AA0E52A4C1D980065CAA9 /* Resources */ = {
			isa = PBXResourcesBuildPhase;
			buildActionMask = 2147483647;
			files = (
				04A90F702A4D4CAC00D59211 /* BannerBalanceTableViewCell.xib in Resources */,
				049AA0F72A4C1D9A0065CAA9 /* LaunchScreen.storyboard in Resources */,
				049AA1082A4C3E130065CAA9 /* ProductListTableViewCell.xib in Resources */,
				045BCD072A566C6A00AAEF13 /* CoinAccountTableViewCell.xib in Resources */,
				04A90F742A4D9D6800D59211 /* ProductsTableViewHeaderView.xib in Resources */,
				048D832B2A505D8500226EC5 /* HistoryHeaderView.xib in Resources */,
				048D83252A505CFC00226EC5 /* ChartTableViewCell.xib in Resources */,
				04A94DFF2A51AB3900EB95CC /* NoDataTableViewCell.xib in Resources */,
				049AA0F42A4C1D9A0065CAA9 /* Assets.xcassets in Resources */,
				048D832F2A505DA000226EC5 /* HistoryTableViewCell.xib in Resources */,
				049AA0F22A4C1D980065CAA9 /* Main.storyboard in Resources */,
			);
			runOnlyForDeploymentPostprocessing = 0;
		};
/* End PBXResourcesBuildPhase section */

/* Begin PBXShellScriptBuildPhase section */
		049AA1002A4C2CEF0065CAA9 /* ShellScript */ = {
			isa = PBXShellScriptBuildPhase;
			buildActionMask = 2147483647;
			files = (
			);
			inputFileListPaths = (
			);
			inputPaths = (
			);
			outputFileListPaths = (
			);
			outputPaths = (
			);
			runOnlyForDeploymentPostprocessing = 0;
			shellPath = /bin/sh;
			shellScript = "# Type a script or drag a script file from your workspace to insert its path.\n\"${PODS_ROOT}/SwiftLint/swiftlint\"\n";
		};
		81B68CB2E0866386D76E4446 /* [CP] Embed Pods Frameworks */ = {
			isa = PBXShellScriptBuildPhase;
			buildActionMask = 2147483647;
			files = (
			);
			inputFileListPaths = (
				"${PODS_ROOT}/Target Support Files/Pods-CryptoApp/Pods-CryptoApp-frameworks-${CONFIGURATION}-input-files.xcfilelist",
			);
			name = "[CP] Embed Pods Frameworks";
			outputFileListPaths = (
				"${PODS_ROOT}/Target Support Files/Pods-CryptoApp/Pods-CryptoApp-frameworks-${CONFIGURATION}-output-files.xcfilelist",
			);
			runOnlyForDeploymentPostprocessing = 0;
			shellPath = /bin/sh;
			shellScript = "\"${PODS_ROOT}/Target Support Files/Pods-CryptoApp/Pods-CryptoApp-frameworks.sh\"\n";
			showEnvVarsInLog = 0;
		};
		AC56CC53D303A5B4F709EE38 /* [CP] Check Pods Manifest.lock */ = {
			isa = PBXShellScriptBuildPhase;
			buildActionMask = 2147483647;
			files = (
			);
			inputFileListPaths = (
			);
			inputPaths = (
				"${PODS_PODFILE_DIR_PATH}/Podfile.lock",
				"${PODS_ROOT}/Manifest.lock",
			);
			name = "[CP] Check Pods Manifest.lock";
			outputFileListPaths = (
			);
			outputPaths = (
				"$(DERIVED_FILE_DIR)/Pods-CryptoApp-checkManifestLockResult.txt",
			);
			runOnlyForDeploymentPostprocessing = 0;
			shellPath = /bin/sh;
			shellScript = "diff \"${PODS_PODFILE_DIR_PATH}/Podfile.lock\" \"${PODS_ROOT}/Manifest.lock\" > /dev/null\nif [ $? != 0 ] ; then\n    # print error to STDERR\n    echo \"error: The sandbox is not in sync with the Podfile.lock. Run 'pod install' or update your CocoaPods installation.\" >&2\n    exit 1\nfi\n# This output is used by Xcode 'outputs' to avoid re-running this script phase.\necho \"SUCCESS\" > \"${SCRIPT_OUTPUT_FILE_0}\"\n";
			showEnvVarsInLog = 0;
		};
/* End PBXShellScriptBuildPhase section */

/* Begin PBXSourcesBuildPhase section */
		049AA0E32A4C1D980065CAA9 /* Sources */ = {
			isa = PBXSourcesBuildPhase;
			buildActionMask = 2147483647;
			files = (
				048D83292A505D7D00226EC5 /* HistoryHeaderView.swift in Sources */,
				04A90F842A4F073C00D59211 /* UIColor+Extensions.swift in Sources */,
				048D83162A4FF8B700226EC5 /* WebsocketService.swift in Sources */,
				049AA0EF2A4C1D980065CAA9 /* HomeViewController.swift in Sources */,
				045BCD112A56933300AAEF13 /* FullHistoryViewController.swift in Sources */,
				04A90F7E2A4EEAAF00D59211 /* Constants.swift in Sources */,
				04A90F722A4D9D3C00D59211 /* ProductsTableViewHeaderView.swift in Sources */,
				049AA0EB2A4C1D980065CAA9 /* AppDelegate.swift in Sources */,
				049FD6472A5E3D5D0098783E /* TabBarViewController.swift in Sources */,
				048D832E2A505DA000226EC5 /* HistoryTableViewCell.swift in Sources */,
				048D831D2A50241D00226EC5 /* TickerMessage.swift in Sources */,
				04A90F782A4DC1CA00D59211 /* HomeViewModel.swift in Sources */,
				04A94DFE2A51AB3900EB95CC /* NoDataTableViewCell.swift in Sources */,
				04A94DF92A51944700EB95CC /* String+Extensions.swift in Sources */,
				048D83182A500A4300226EC5 /* Order.swift in Sources */,
				0494E6E02A5F8C7A005CE586 /* Utils.swift in Sources */,
				045BCCF82A56675900AAEF13 /* WalletViewController.swift in Sources */,
				049FD6452A5D36D90098783E /* CoinbaseService+Refactor.swift in Sources */,
				049AA1032A4C2FD80065CAA9 /* CoinbaseService.swift in Sources */,
				045BCD062A566C6A00AAEF13 /* CoinAccountTableViewCell.swift in Sources */,
				04A90F7A2A4DC94200D59211 /* Double+Extensions.swift in Sources */,
				045BCD132A56CEE300AAEF13 /* FilterOptionViewController.swift in Sources */,
				049AA10B2A4C472B0065CAA9 /* TradingPair.swift in Sources */,
				04A90F7C2A4DF12900D59211 /* CoinbaseService+Helpers.swift in Sources */,
				04A90F762A4DC03400D59211 /* ObservableObject.swift in Sources */,
				049AA0FF2A4C1EEE0065CAA9 /* ApiKeys.swift in Sources */,
				04A94E012A54135900EB95CC /* OrderResultViewController.swift in Sources */,
				04A90F642A4C685D00D59211 /* Account.swift in Sources */,
				04A90F662A4D227700D59211 /* CurrencyInfo.swift in Sources */,
				045BCD152A56CF4800AAEF13 /* FilterOptionTableViewCell.swift in Sources */,
				048D83242A505CFC00226EC5 /* ChartTableViewCell.swift in Sources */,
				045BCD0B2A56792300AAEF13 /* ProfileViewController.swift in Sources */,
				04A90F682A4D314B00D59211 /* ProductStats.swift in Sources */,
				04A94E032A5413AE00EB95CC /* BuySellViewController.swift in Sources */,
				049AA10D2A4C5F390065CAA9 /* Profile.swift in Sources */,
				049AA0ED2A4C1D980065CAA9 /* SceneDelegate.swift in Sources */,
				048D831F2A50442F00226EC5 /* ExchangeRates.swift in Sources */,
				049AA1072A4C3E130065CAA9 /* ProductListTableViewCell.swift in Sources */,
				04A90F862A4F0C1B00D59211 /* MarketChartViewController.swift in Sources */,
				04A90F6F2A4D4CAC00D59211 /* BannerBalanceTableViewCell.swift in Sources */,
				048D831B2A501B6000226EC5 /* MarketChartViewModel.swift in Sources */,
			);
			runOnlyForDeploymentPostprocessing = 0;
		};
/* End PBXSourcesBuildPhase section */

/* Begin PBXVariantGroup section */
		049AA0F02A4C1D980065CAA9 /* Main.storyboard */ = {
			isa = PBXVariantGroup;
			children = (
				049AA0F12A4C1D980065CAA9 /* Base */,
			);
			name = Main.storyboard;
			sourceTree = "<group>";
		};
		049AA0F52A4C1D9A0065CAA9 /* LaunchScreen.storyboard */ = {
			isa = PBXVariantGroup;
			children = (
				049AA0F62A4C1D9A0065CAA9 /* Base */,
			);
			name = LaunchScreen.storyboard;
			sourceTree = "<group>";
		};
/* End PBXVariantGroup section */

/* Begin XCBuildConfiguration section */
		049AA0F92A4C1D9A0065CAA9 /* Debug */ = {
			isa = XCBuildConfiguration;
			buildSettings = {
				ALWAYS_SEARCH_USER_PATHS = NO;
				CLANG_ANALYZER_NONNULL = YES;
				CLANG_ANALYZER_NUMBER_OBJECT_CONVERSION = YES_AGGRESSIVE;
				CLANG_CXX_LANGUAGE_STANDARD = "gnu++20";
				CLANG_ENABLE_MODULES = YES;
				CLANG_ENABLE_OBJC_ARC = YES;
				CLANG_ENABLE_OBJC_WEAK = YES;
				CLANG_WARN_BLOCK_CAPTURE_AUTORELEASING = YES;
				CLANG_WARN_BOOL_CONVERSION = YES;
				CLANG_WARN_COMMA = YES;
				CLANG_WARN_CONSTANT_CONVERSION = YES;
				CLANG_WARN_DEPRECATED_OBJC_IMPLEMENTATIONS = YES;
				CLANG_WARN_DIRECT_OBJC_ISA_USAGE = YES_ERROR;
				CLANG_WARN_DOCUMENTATION_COMMENTS = YES;
				CLANG_WARN_EMPTY_BODY = YES;
				CLANG_WARN_ENUM_CONVERSION = YES;
				CLANG_WARN_INFINITE_RECURSION = YES;
				CLANG_WARN_INT_CONVERSION = YES;
				CLANG_WARN_NON_LITERAL_NULL_CONVERSION = YES;
				CLANG_WARN_OBJC_IMPLICIT_RETAIN_SELF = YES;
				CLANG_WARN_OBJC_LITERAL_CONVERSION = YES;
				CLANG_WARN_OBJC_ROOT_CLASS = YES_ERROR;
				CLANG_WARN_QUOTED_INCLUDE_IN_FRAMEWORK_HEADER = YES;
				CLANG_WARN_RANGE_LOOP_ANALYSIS = YES;
				CLANG_WARN_STRICT_PROTOTYPES = YES;
				CLANG_WARN_SUSPICIOUS_MOVE = YES;
				CLANG_WARN_UNGUARDED_AVAILABILITY = YES_AGGRESSIVE;
				CLANG_WARN_UNREACHABLE_CODE = YES;
				CLANG_WARN__DUPLICATE_METHOD_MATCH = YES;
				COPY_PHASE_STRIP = NO;
				DEBUG_INFORMATION_FORMAT = dwarf;
				ENABLE_STRICT_OBJC_MSGSEND = YES;
				ENABLE_TESTABILITY = YES;
				GCC_C_LANGUAGE_STANDARD = gnu11;
				GCC_DYNAMIC_NO_PIC = NO;
				GCC_NO_COMMON_BLOCKS = YES;
				GCC_OPTIMIZATION_LEVEL = 0;
				GCC_PREPROCESSOR_DEFINITIONS = (
					"DEBUG=1",
					"$(inherited)",
				);
				GCC_WARN_64_TO_32_BIT_CONVERSION = YES;
				GCC_WARN_ABOUT_RETURN_TYPE = YES_ERROR;
				GCC_WARN_UNDECLARED_SELECTOR = YES;
				GCC_WARN_UNINITIALIZED_AUTOS = YES_AGGRESSIVE;
				GCC_WARN_UNUSED_FUNCTION = YES;
				GCC_WARN_UNUSED_VARIABLE = YES;
				IPHONEOS_DEPLOYMENT_TARGET = 16.4;
				MTL_ENABLE_DEBUG_INFO = INCLUDE_SOURCE;
				MTL_FAST_MATH = YES;
				ONLY_ACTIVE_ARCH = YES;
				SDKROOT = iphoneos;
				SWIFT_ACTIVE_COMPILATION_CONDITIONS = DEBUG;
				SWIFT_OPTIMIZATION_LEVEL = "-Onone";
			};
			name = Debug;
		};
		049AA0FA2A4C1D9A0065CAA9 /* Release */ = {
			isa = XCBuildConfiguration;
			buildSettings = {
				ALWAYS_SEARCH_USER_PATHS = NO;
				CLANG_ANALYZER_NONNULL = YES;
				CLANG_ANALYZER_NUMBER_OBJECT_CONVERSION = YES_AGGRESSIVE;
				CLANG_CXX_LANGUAGE_STANDARD = "gnu++20";
				CLANG_ENABLE_MODULES = YES;
				CLANG_ENABLE_OBJC_ARC = YES;
				CLANG_ENABLE_OBJC_WEAK = YES;
				CLANG_WARN_BLOCK_CAPTURE_AUTORELEASING = YES;
				CLANG_WARN_BOOL_CONVERSION = YES;
				CLANG_WARN_COMMA = YES;
				CLANG_WARN_CONSTANT_CONVERSION = YES;
				CLANG_WARN_DEPRECATED_OBJC_IMPLEMENTATIONS = YES;
				CLANG_WARN_DIRECT_OBJC_ISA_USAGE = YES_ERROR;
				CLANG_WARN_DOCUMENTATION_COMMENTS = YES;
				CLANG_WARN_EMPTY_BODY = YES;
				CLANG_WARN_ENUM_CONVERSION = YES;
				CLANG_WARN_INFINITE_RECURSION = YES;
				CLANG_WARN_INT_CONVERSION = YES;
				CLANG_WARN_NON_LITERAL_NULL_CONVERSION = YES;
				CLANG_WARN_OBJC_IMPLICIT_RETAIN_SELF = YES;
				CLANG_WARN_OBJC_LITERAL_CONVERSION = YES;
				CLANG_WARN_OBJC_ROOT_CLASS = YES_ERROR;
				CLANG_WARN_QUOTED_INCLUDE_IN_FRAMEWORK_HEADER = YES;
				CLANG_WARN_RANGE_LOOP_ANALYSIS = YES;
				CLANG_WARN_STRICT_PROTOTYPES = YES;
				CLANG_WARN_SUSPICIOUS_MOVE = YES;
				CLANG_WARN_UNGUARDED_AVAILABILITY = YES_AGGRESSIVE;
				CLANG_WARN_UNREACHABLE_CODE = YES;
				CLANG_WARN__DUPLICATE_METHOD_MATCH = YES;
				COPY_PHASE_STRIP = NO;
				DEBUG_INFORMATION_FORMAT = "dwarf-with-dsym";
				ENABLE_NS_ASSERTIONS = NO;
				ENABLE_STRICT_OBJC_MSGSEND = YES;
				GCC_C_LANGUAGE_STANDARD = gnu11;
				GCC_NO_COMMON_BLOCKS = YES;
				GCC_WARN_64_TO_32_BIT_CONVERSION = YES;
				GCC_WARN_ABOUT_RETURN_TYPE = YES_ERROR;
				GCC_WARN_UNDECLARED_SELECTOR = YES;
				GCC_WARN_UNINITIALIZED_AUTOS = YES_AGGRESSIVE;
				GCC_WARN_UNUSED_FUNCTION = YES;
				GCC_WARN_UNUSED_VARIABLE = YES;
				IPHONEOS_DEPLOYMENT_TARGET = 16.4;
				MTL_ENABLE_DEBUG_INFO = NO;
				MTL_FAST_MATH = YES;
				SDKROOT = iphoneos;
				SWIFT_COMPILATION_MODE = wholemodule;
				SWIFT_OPTIMIZATION_LEVEL = "-O";
				VALIDATE_PRODUCT = YES;
			};
			name = Release;
		};
		049AA0FC2A4C1D9A0065CAA9 /* Debug */ = {
			isa = XCBuildConfiguration;
			baseConfigurationReference = 63B17860CB531B1A37CB9DE2 /* Pods-CryptoApp.debug.xcconfig */;
			buildSettings = {
				ASSETCATALOG_COMPILER_APPICON_NAME = AppIcon;
				ASSETCATALOG_COMPILER_GLOBAL_ACCENT_COLOR_NAME = AccentColor;
				CODE_SIGN_STYLE = Automatic;
				CURRENT_PROJECT_VERSION = 1;
				DEVELOPMENT_TEAM = 7WDBV2M4JT;
				GENERATE_INFOPLIST_FILE = YES;
				INFOPLIST_FILE = CryptoApp/Info.plist;
				INFOPLIST_KEY_UIApplicationSupportsIndirectInputEvents = YES;
				INFOPLIST_KEY_UILaunchStoryboardName = LaunchScreen;
				INFOPLIST_KEY_UIMainStoryboardFile = Main;
				INFOPLIST_KEY_UISupportedInterfaceOrientations_iPad = "UIInterfaceOrientationPortrait UIInterfaceOrientationPortraitUpsideDown UIInterfaceOrientationLandscapeLeft UIInterfaceOrientationLandscapeRight";
				INFOPLIST_KEY_UISupportedInterfaceOrientations_iPhone = "UIInterfaceOrientationPortrait UIInterfaceOrientationLandscapeLeft UIInterfaceOrientationLandscapeRight";
				IPHONEOS_DEPLOYMENT_TARGET = 15.0;
				LD_RUNPATH_SEARCH_PATHS = (
					"$(inherited)",
					"@executable_path/Frameworks",
				);
				MARKETING_VERSION = 1.0;
				PRODUCT_BUNDLE_IDENTIFIER = com.yoonzy.CryptoApp;
				PRODUCT_NAME = "$(TARGET_NAME)";
				SWIFT_EMIT_LOC_STRINGS = YES;
				SWIFT_VERSION = 5.0;
				TARGETED_DEVICE_FAMILY = "1,2";
			};
			name = Debug;
		};
		049AA0FD2A4C1D9A0065CAA9 /* Release */ = {
			isa = XCBuildConfiguration;
			baseConfigurationReference = 4717991FC7B8EE28F7B209C4 /* Pods-CryptoApp.release.xcconfig */;
			buildSettings = {
				ASSETCATALOG_COMPILER_APPICON_NAME = AppIcon;
				ASSETCATALOG_COMPILER_GLOBAL_ACCENT_COLOR_NAME = AccentColor;
				CODE_SIGN_STYLE = Automatic;
				CURRENT_PROJECT_VERSION = 1;
				DEVELOPMENT_TEAM = 7WDBV2M4JT;
				GENERATE_INFOPLIST_FILE = YES;
				INFOPLIST_FILE = CryptoApp/Info.plist;
				INFOPLIST_KEY_UIApplicationSupportsIndirectInputEvents = YES;
				INFOPLIST_KEY_UILaunchStoryboardName = LaunchScreen;
				INFOPLIST_KEY_UIMainStoryboardFile = Main;
				INFOPLIST_KEY_UISupportedInterfaceOrientations_iPad = "UIInterfaceOrientationPortrait UIInterfaceOrientationPortraitUpsideDown UIInterfaceOrientationLandscapeLeft UIInterfaceOrientationLandscapeRight";
				INFOPLIST_KEY_UISupportedInterfaceOrientations_iPhone = "UIInterfaceOrientationPortrait UIInterfaceOrientationLandscapeLeft UIInterfaceOrientationLandscapeRight";
				IPHONEOS_DEPLOYMENT_TARGET = 15.0;
				LD_RUNPATH_SEARCH_PATHS = (
					"$(inherited)",
					"@executable_path/Frameworks",
				);
				MARKETING_VERSION = 1.0;
				PRODUCT_BUNDLE_IDENTIFIER = com.yoonzy.CryptoApp;
				PRODUCT_NAME = "$(TARGET_NAME)";
				SWIFT_EMIT_LOC_STRINGS = YES;
				SWIFT_VERSION = 5.0;
				TARGETED_DEVICE_FAMILY = "1,2";
			};
			name = Release;
		};
/* End XCBuildConfiguration section */

/* Begin XCConfigurationList section */
		049AA0E22A4C1D980065CAA9 /* Build configuration list for PBXProject "CryptoApp" */ = {
			isa = XCConfigurationList;
			buildConfigurations = (
				049AA0F92A4C1D9A0065CAA9 /* Debug */,
				049AA0FA2A4C1D9A0065CAA9 /* Release */,
			);
			defaultConfigurationIsVisible = 0;
			defaultConfigurationName = Release;
		};
		049AA0FB2A4C1D9A0065CAA9 /* Build configuration list for PBXNativeTarget "CryptoApp" */ = {
			isa = XCConfigurationList;
			buildConfigurations = (
				049AA0FC2A4C1D9A0065CAA9 /* Debug */,
				049AA0FD2A4C1D9A0065CAA9 /* Release */,
			);
			defaultConfigurationIsVisible = 0;
			defaultConfigurationName = Release;
		};
/* End XCConfigurationList section */
	};
	rootObject = 049AA0DF2A4C1D980065CAA9 /* Project object */;
}
